PODS:
  - Alamofire (4.7.3)
  - AlamofireNetworkActivityIndicator (2.2.1):
    - Alamofire (~> 4.7)
  - Kingfisher (4.8.1)
  - ReactiveCocoa (8.0.0):
    - ReactiveSwift (~> 4.0)
  - ReactiveSwift (4.0.0):
    - Result (~> 4.0)
  - Result (4.0.0)
  - SegueWithCompletion (0.1.6)
  - Swinject (2.4.1)
  - SwinjectStoryboard (2.0.2):
    - Swinject (~> 2.4)

DEPENDENCIES:
  - Alamofire (~> 4.7.2)
  - AlamofireNetworkActivityIndicator (~> 2.2.1)
  - Kingfisher (~> 4.8.1)
  - ReactiveCocoa (~> 8.0.0)
  - ReactiveSwift (~> 4.0.0)
  - SegueWithCompletion (~> 0.1.6)
  - Swinject (~> 2.4.1)
  - SwinjectStoryboard (~> 2.0.2)

SPEC REPOS:
  https://github.com/cocoapods/specs.git:
    - Alamofire
    - AlamofireNetworkActivityIndicator
    - Kingfisher
    - ReactiveCocoa
    - ReactiveSwift
    - Result
    - SegueWithCompletion
    - Swinject
    - SwinjectStoryboard

SPEC CHECKSUMS:
  Alamofire: c7287b6e5d7da964a70935e5db17046b7fde6568
  AlamofireNetworkActivityIndicator: aeac50e6ecb78ec71a5f1f29098bcf4ec2962910
  Kingfisher: 868c1149679a7ab6869be118faa9b5aed154aaf0
  ReactiveCocoa: 87cb64d78424d749a0bbfd9b07e4825e8d834066
  ReactiveSwift: a2bb9ace428a109e9c0209615645d9d286c8c433
  Result: 7645bb3f50c2ce726dd0ff2fa7b6f42bbe6c3713
  SegueWithCompletion: e18763a8c4b99e18fa9b0e2239b8fd71e7d52c5a
  Swinject: f7f15a9672e99328c1f07f277091087917215700
  SwinjectStoryboard: 365698aec11b57c6b14a3c1f52d0308759d377bf

PODFILE CHECKSUM: 194bd42b01814f1960bad642cf0e0b0ec0e38678

COCOAPODS: 1.5.3
