// !$*UTF8*$!
{
	archiveVersion = 1;
	classes = {
	};
	objectVersion = 50;
	objects = {

/* Begin PBXBuildFile section */
		08999F7214069E89A0B1AB40 /* Pods_TrendingGitHubProjects.framework in Frameworks */ = {isa = PBXBuildFile; fileRef = E71CB011B19504C008A7A30A /* Pods_TrendingGitHubProjects.framework */; };
		D9065CAC212E23A300532E76 /* GitHubClient.swift in Sources */ = {isa = PBXBuildFile; fileRef = D9065CAB212E23A300532E76 /* GitHubClient.swift */; };
		D9065CAF212E284800532E76 /* JSONGitRepository.swift in Sources */ = {isa = PBXBuildFile; fileRef = D9065CAE212E284800532E76 /* JSONGitRepository.swift */; };
		D9065CB1212E2A0900532E76 /* GitHubTrendsViewModel.swift in Sources */ = {isa = PBXBuildFile; fileRef = D9065CB0212E2A0900532E76 /* GitHubTrendsViewModel.swift */; };
		D9065CB3212EBB1E00532E76 /* JSONGitRepositoryOwner.swift in Sources */ = {isa = PBXBuildFile; fileRef = D9065CB2212EBB1E00532E76 /* JSONGitRepositoryOwner.swift */; };
		D99E6B39212F624D00A4BA74 /* TableDataSourceAdapter.swift in Sources */ = {isa = PBXBuildFile; fileRef = D99E6B38212F624D00A4BA74 /* TableDataSourceAdapter.swift */; };
		D99E6B3B212F674200A4BA74 /* GitHubTrendsView.swift in Sources */ = {isa = PBXBuildFile; fileRef = D99E6B3A212F674200A4BA74 /* GitHubTrendsView.swift */; };
		D99E6B3D212F678F00A4BA74 /* Assemble.swift in Sources */ = {isa = PBXBuildFile; fileRef = D99E6B3C212F678F00A4BA74 /* Assemble.swift */; };
		D99E6B3F212F67D400A4BA74 /* ApplicationAssemble.swift in Sources */ = {isa = PBXBuildFile; fileRef = D99E6B3E212F67D400A4BA74 /* ApplicationAssemble.swift */; };
		D99E6B41212F688700A4BA74 /* GitHubTrendsAssemble.swift in Sources */ = {isa = PBXBuildFile; fileRef = D99E6B40212F688700A4BA74 /* GitHubTrendsAssemble.swift */; };
		D99E6B43212F6E2600A4BA74 /* GitHubTrendsCoordinator.swift in Sources */ = {isa = PBXBuildFile; fileRef = D99E6B42212F6E2600A4BA74 /* GitHubTrendsCoordinator.swift */; };
		D99E6B45212F6E5E00A4BA74 /* CoordinatorView.swift in Sources */ = {isa = PBXBuildFile; fileRef = D99E6B44212F6E5E00A4BA74 /* CoordinatorView.swift */; };
		D99E6B48212F733D00A4BA74 /* UIViewControllerExtensions.swift in Sources */ = {isa = PBXBuildFile; fileRef = D99E6B47212F733D00A4BA74 /* UIViewControllerExtensions.swift */; };
		D99E6B4A212F795C00A4BA74 /* JSONGitRepositoriesResult.swift in Sources */ = {isa = PBXBuildFile; fileRef = D99E6B49212F795C00A4BA74 /* JSONGitRepositoriesResult.swift */; };
		D99E6B4C212F7A3C00A4BA74 /* GitHubTrendsCell.swift in Sources */ = {isa = PBXBuildFile; fileRef = D99E6B4B212F7A3C00A4BA74 /* GitHubTrendsCell.swift */; };
		D99E6B4F2130032300A4BA74 /* GitHubRepositoryViewController.swift in Sources */ = {isa = PBXBuildFile; fileRef = D99E6B4E2130032200A4BA74 /* GitHubRepositoryViewController.swift */; };
		D99E6B512130066C00A4BA74 /* GitHubRepositoryViewModel.swift in Sources */ = {isa = PBXBuildFile; fileRef = D99E6B502130066C00A4BA74 /* GitHubRepositoryViewModel.swift */; };
		D99E6B5321300D5300A4BA74 /* AvatarImageView.swift in Sources */ = {isa = PBXBuildFile; fileRef = D99E6B5221300D5300A4BA74 /* AvatarImageView.swift */; };
		D99E6B552130105600A4BA74 /* RoundedView.swift in Sources */ = {isa = PBXBuildFile; fileRef = D99E6B542130105600A4BA74 /* RoundedView.swift */; };
		D9FB2E18212B695F009BEB4B /* AppDelegate.swift in Sources */ = {isa = PBXBuildFile; fileRef = D9FB2E17212B695F009BEB4B /* AppDelegate.swift */; };
		D9FB2E1D212B695F009BEB4B /* Main.storyboard in Resources */ = {isa = PBXBuildFile; fileRef = D9FB2E1B212B695F009BEB4B /* Main.storyboard */; };
		D9FB2E1F212B6960009BEB4B /* Assets.xcassets in Resources */ = {isa = PBXBuildFile; fileRef = D9FB2E1E212B6960009BEB4B /* Assets.xcassets */; };
		D9FB2E22212B6960009BEB4B /* LaunchScreen.storyboard in Resources */ = {isa = PBXBuildFile; fileRef = D9FB2E20212B6960009BEB4B /* LaunchScreen.storyboard */; };
		D9FB2E2C212B6B76009BEB4B /* README.md in Resources */ = {isa = PBXBuildFile; fileRef = D9FB2E2B212B6B76009BEB4B /* README.md */; };
		D9FB2E30212B70D4009BEB4B /* GitHubTrendsViewController.swift in Sources */ = {isa = PBXBuildFile; fileRef = D9FB2E2F212B70D4009BEB4B /* GitHubTrendsViewController.swift */; };
/* End PBXBuildFile section */

/* Begin PBXFileReference section */
		2AE0D0468FB638FE4F3C9205 /* Pods-TrendingGitHubProjects.release.xcconfig */ = {isa = PBXFileReference; includeInIndex = 1; lastKnownFileType = text.xcconfig; name = "Pods-TrendingGitHubProjects.release.xcconfig"; path = "Pods/Target Support Files/Pods-TrendingGitHubProjects/Pods-TrendingGitHubProjects.release.xcconfig"; sourceTree = "<group>"; };
		906B7C1A31B611B75EBACA3A /* Pods-TrendingGitHubProjects.debug.xcconfig */ = {isa = PBXFileReference; includeInIndex = 1; lastKnownFileType = text.xcconfig; name = "Pods-TrendingGitHubProjects.debug.xcconfig"; path = "Pods/Target Support Files/Pods-TrendingGitHubProjects/Pods-TrendingGitHubProjects.debug.xcconfig"; sourceTree = "<group>"; };
		D9065CAB212E23A300532E76 /* GitHubClient.swift */ = {isa = PBXFileReference; lastKnownFileType = sourcecode.swift; path = GitHubClient.swift; sourceTree = "<group>"; };
		D9065CAE212E284800532E76 /* JSONGitRepository.swift */ = {isa = PBXFileReference; lastKnownFileType = sourcecode.swift; path = JSONGitRepository.swift; sourceTree = "<group>"; };
		D9065CB0212E2A0900532E76 /* GitHubTrendsViewModel.swift */ = {isa = PBXFileReference; lastKnownFileType = sourcecode.swift; path = GitHubTrendsViewModel.swift; sourceTree = "<group>"; };
		D9065CB2212EBB1E00532E76 /* JSONGitRepositoryOwner.swift */ = {isa = PBXFileReference; lastKnownFileType = sourcecode.swift; path = JSONGitRepositoryOwner.swift; sourceTree = "<group>"; };
		D99E6B38212F624D00A4BA74 /* TableDataSourceAdapter.swift */ = {isa = PBXFileReference; lastKnownFileType = sourcecode.swift; path = TableDataSourceAdapter.swift; sourceTree = "<group>"; };
		D99E6B3A212F674200A4BA74 /* GitHubTrendsView.swift */ = {isa = PBXFileReference; lastKnownFileType = sourcecode.swift; path = GitHubTrendsView.swift; sourceTree = "<group>"; };
		D99E6B3C212F678F00A4BA74 /* Assemble.swift */ = {isa = PBXFileReference; lastKnownFileType = sourcecode.swift; path = Assemble.swift; sourceTree = "<group>"; };
		D99E6B3E212F67D400A4BA74 /* ApplicationAssemble.swift */ = {isa = PBXFileReference; lastKnownFileType = sourcecode.swift; path = ApplicationAssemble.swift; sourceTree = "<group>"; };
		D99E6B40212F688700A4BA74 /* GitHubTrendsAssemble.swift */ = {isa = PBXFileReference; lastKnownFileType = sourcecode.swift; path = GitHubTrendsAssemble.swift; sourceTree = "<group>"; };
		D99E6B42212F6E2600A4BA74 /* GitHubTrendsCoordinator.swift */ = {isa = PBXFileReference; lastKnownFileType = sourcecode.swift; path = GitHubTrendsCoordinator.swift; sourceTree = "<group>"; };
		D99E6B44212F6E5E00A4BA74 /* CoordinatorView.swift */ = {isa = PBXFileReference; lastKnownFileType = sourcecode.swift; path = CoordinatorView.swift; sourceTree = "<group>"; };
		D99E6B47212F733D00A4BA74 /* UIViewControllerExtensions.swift */ = {isa = PBXFileReference; lastKnownFileType = sourcecode.swift; path = UIViewControllerExtensions.swift; sourceTree = "<group>"; };
		D99E6B49212F795C00A4BA74 /* JSONGitRepositoriesResult.swift */ = {isa = PBXFileReference; lastKnownFileType = sourcecode.swift; path = JSONGitRepositoriesResult.swift; sourceTree = "<group>"; };
		D99E6B4B212F7A3C00A4BA74 /* GitHubTrendsCell.swift */ = {isa = PBXFileReference; lastKnownFileType = sourcecode.swift; path = GitHubTrendsCell.swift; sourceTree = "<group>"; };
		D99E6B4E2130032200A4BA74 /* GitHubRepositoryViewController.swift */ = {isa = PBXFileReference; lastKnownFileType = sourcecode.swift; path = GitHubRepositoryViewController.swift; sourceTree = "<group>"; };
		D99E6B502130066C00A4BA74 /* GitHubRepositoryViewModel.swift */ = {isa = PBXFileReference; lastKnownFileType = sourcecode.swift; path = GitHubRepositoryViewModel.swift; sourceTree = "<group>"; };
		D99E6B5221300D5300A4BA74 /* AvatarImageView.swift */ = {isa = PBXFileReference; lastKnownFileType = sourcecode.swift; path = AvatarImageView.swift; sourceTree = "<group>"; };
		D99E6B542130105600A4BA74 /* RoundedView.swift */ = {isa = PBXFileReference; lastKnownFileType = sourcecode.swift; path = RoundedView.swift; sourceTree = "<group>"; };
		D9FB2E14212B695F009BEB4B /* TrendingGitHubProjects.app */ = {isa = PBXFileReference; explicitFileType = wrapper.application; includeInIndex = 0; path = TrendingGitHubProjects.app; sourceTree = BUILT_PRODUCTS_DIR; };
		D9FB2E17212B695F009BEB4B /* AppDelegate.swift */ = {isa = PBXFileReference; lastKnownFileType = sourcecode.swift; path = AppDelegate.swift; sourceTree = "<group>"; };
		D9FB2E1C212B695F009BEB4B /* Base */ = {isa = PBXFileReference; lastKnownFileType = file.storyboard; name = Base; path = Base.lproj/Main.storyboard; sourceTree = "<group>"; };
		D9FB2E1E212B6960009BEB4B /* Assets.xcassets */ = {isa = PBXFileReference; lastKnownFileType = folder.assetcatalog; path = Assets.xcassets; sourceTree = "<group>"; };
		D9FB2E21212B6960009BEB4B /* Base */ = {isa = PBXFileReference; lastKnownFileType = file.storyboard; name = Base; path = Base.lproj/LaunchScreen.storyboard; sourceTree = "<group>"; };
		D9FB2E23212B6961009BEB4B /* Info.plist */ = {isa = PBXFileReference; lastKnownFileType = text.plist.xml; path = Info.plist; sourceTree = "<group>"; };
		D9FB2E2B212B6B76009BEB4B /* README.md */ = {isa = PBXFileReference; fileEncoding = 4; lastKnownFileType = net.daringfireball.markdown; path = README.md; sourceTree = "<group>"; };
		D9FB2E2F212B70D4009BEB4B /* GitHubTrendsViewController.swift */ = {isa = PBXFileReference; lastKnownFileType = sourcecode.swift; path = GitHubTrendsViewController.swift; sourceTree = "<group>"; };
		E71CB011B19504C008A7A30A /* Pods_TrendingGitHubProjects.framework */ = {isa = PBXFileReference; explicitFileType = wrapper.framework; includeInIndex = 0; path = Pods_TrendingGitHubProjects.framework; sourceTree = BUILT_PRODUCTS_DIR; };
/* End PBXFileReference section */

/* Begin PBXFrameworksBuildPhase section */
		D9FB2E11212B695F009BEB4B /* Frameworks */ = {
			isa = PBXFrameworksBuildPhase;
			buildActionMask = 2147483647;
			files = (
				08999F7214069E89A0B1AB40 /* Pods_TrendingGitHubProjects.framework in Frameworks */,
			);
			runOnlyForDeploymentPostprocessing = 0;
		};
/* End PBXFrameworksBuildPhase section */

/* Begin PBXGroup section */
		65A0F61C39777FADA42A38A3 /* Frameworks */ = {
			isa = PBXGroup;
			children = (
				E71CB011B19504C008A7A30A /* Pods_TrendingGitHubProjects.framework */,
			);
			name = Frameworks;
			sourceTree = "<group>";
		};
		D9065CA9212E237D00532E76 /* Network */ = {
			isa = PBXGroup;
			children = (
				D9065CAD212E282C00532E76 /* JSONMappings */,
				D9065CAB212E23A300532E76 /* GitHubClient.swift */,
			);
			path = Network;
			sourceTree = "<group>";
		};
		D9065CAD212E282C00532E76 /* JSONMappings */ = {
			isa = PBXGroup;
			children = (
				D9065CAE212E284800532E76 /* JSONGitRepository.swift */,
				D9065CB2212EBB1E00532E76 /* JSONGitRepositoryOwner.swift */,
				D99E6B49212F795C00A4BA74 /* JSONGitRepositoriesResult.swift */,
			);
			path = JSONMappings;
			sourceTree = "<group>";
		};
		D99E6B37212F617600A4BA74 /* Common */ = {
			isa = PBXGroup;
			children = (
				D99E6B38212F624D00A4BA74 /* TableDataSourceAdapter.swift */,
				D99E6B3C212F678F00A4BA74 /* Assemble.swift */,
				D99E6B44212F6E5E00A4BA74 /* CoordinatorView.swift */,
				D99E6B5221300D5300A4BA74 /* AvatarImageView.swift */,
				D99E6B542130105600A4BA74 /* RoundedView.swift */,
			);
			path = Common;
			sourceTree = "<group>";
		};
		D99E6B46212F732E00A4BA74 /* Extensions */ = {
			isa = PBXGroup;
			children = (
				D99E6B47212F733D00A4BA74 /* UIViewControllerExtensions.swift */,
			);
			path = Extensions;
			sourceTree = "<group>";
		};
		D99E6B4D212F89D600A4BA74 /* GitHubRepository */ = {
			isa = PBXGroup;
			children = (
				D99E6B4E2130032200A4BA74 /* GitHubRepositoryViewController.swift */,
				D99E6B502130066C00A4BA74 /* GitHubRepositoryViewModel.swift */,
			);
			path = GitHubRepository;
			sourceTree = "<group>";
		};
		D9FB2E0B212B695F009BEB4B = {
			isa = PBXGroup;
			children = (
				D9FB2E2B212B6B76009BEB4B /* README.md */,
				D9FB2E16212B695F009BEB4B /* TrendingGitHubProjects */,
				D9FB2E15212B695F009BEB4B /* Products */,
				F2A4F12419BA697AA27FE2A7 /* Pods */,
				65A0F61C39777FADA42A38A3 /* Frameworks */,
			);
			sourceTree = "<group>";
		};
		D9FB2E15212B695F009BEB4B /* Products */ = {
			isa = PBXGroup;
			children = (
				D9FB2E14212B695F009BEB4B /* TrendingGitHubProjects.app */,
			);
			name = Products;
			sourceTree = "<group>";
		};
		D9FB2E16212B695F009BEB4B /* TrendingGitHubProjects */ = {
			isa = PBXGroup;
			children = (
				D9FB2E29212B6972009BEB4B /* Sources */,
				D9FB2E2A212B6977009BEB4B /* Resources */,
			);
			path = TrendingGitHubProjects;
			sourceTree = "<group>";
		};
		D9FB2E29212B6972009BEB4B /* Sources */ = {
			isa = PBXGroup;
			children = (
				D99E6B46212F732E00A4BA74 /* Extensions */,
				D99E6B37212F617600A4BA74 /* Common */,
				D9065CA9212E237D00532E76 /* Network */,
				D9FB2E2D212B706C009BEB4B /* Screens */,
				D9FB2E17212B695F009BEB4B /* AppDelegate.swift */,
				D99E6B3E212F67D400A4BA74 /* ApplicationAssemble.swift */,
			);
			path = Sources;
			sourceTree = "<group>";
		};
		D9FB2E2A212B6977009BEB4B /* Resources */ = {
			isa = PBXGroup;
			children = (
				D9FB2E1B212B695F009BEB4B /* Main.storyboard */,
				D9FB2E1E212B6960009BEB4B /* Assets.xcassets */,
				D9FB2E20212B6960009BEB4B /* LaunchScreen.storyboard */,
				D9FB2E23212B6961009BEB4B /* Info.plist */,
			);
			path = Resources;
			sourceTree = "<group>";
		};
		D9FB2E2D212B706C009BEB4B /* Screens */ = {
			isa = PBXGroup;
			children = (
				D9FB2E2E212B7077009BEB4B /* GitHubTrends */,
				D99E6B4D212F89D600A4BA74 /* GitHubRepository */,
			);
			path = Screens;
			sourceTree = "<group>";
		};
		D9FB2E2E212B7077009BEB4B /* GitHubTrends */ = {
			isa = PBXGroup;
			children = (
				D99E6B4B212F7A3C00A4BA74 /* GitHubTrendsCell.swift */,
				D99E6B3A212F674200A4BA74 /* GitHubTrendsView.swift */,
				D9FB2E2F212B70D4009BEB4B /* GitHubTrendsViewController.swift */,
				D9065CB0212E2A0900532E76 /* GitHubTrendsViewModel.swift */,
				D99E6B42212F6E2600A4BA74 /* GitHubTrendsCoordinator.swift */,
				D99E6B40212F688700A4BA74 /* GitHubTrendsAssemble.swift */,
			);
			path = GitHubTrends;
			sourceTree = "<group>";
		};
		F2A4F12419BA697AA27FE2A7 /* Pods */ = {
			isa = PBXGroup;
			children = (
				906B7C1A31B611B75EBACA3A /* Pods-TrendingGitHubProjects.debug.xcconfig */,
				2AE0D0468FB638FE4F3C9205 /* Pods-TrendingGitHubProjects.release.xcconfig */,
			);
			name = Pods;
			sourceTree = "<group>";
		};
/* End PBXGroup section */

/* Begin PBXNativeTarget section */
		D9FB2E13212B695F009BEB4B /* TrendingGitHubProjects */ = {
			isa = PBXNativeTarget;
			buildConfigurationList = D9FB2E26212B6961009BEB4B /* Build configuration list for PBXNativeTarget "TrendingGitHubProjects" */;
			buildPhases = (
				D0D50A66309EA2421578DF0D /* [CP] Check Pods Manifest.lock */,
				D9FB2E10212B695F009BEB4B /* Sources */,
				D9FB2E11212B695F009BEB4B /* Frameworks */,
				D9FB2E12212B695F009BEB4B /* Resources */,
				63608CD6B6B666FFB286201A /* [CP] Embed Pods Frameworks */,
			);
			buildRules = (
			);
			dependencies = (
			);
			name = TrendingGitHubProjects;
			productName = TrendingGitHubProjects;
			productReference = D9FB2E14212B695F009BEB4B /* TrendingGitHubProjects.app */;
			productType = "com.apple.product-type.application";
		};
/* End PBXNativeTarget section */

/* Begin PBXProject section */
		D9FB2E0C212B695F009BEB4B /* Project object */ = {
			isa = PBXProject;
			attributes = {
				LastSwiftUpdateCheck = 0940;
				LastUpgradeCheck = 0940;
				ORGANIZATIONNAME = Dmytro;
				TargetAttributes = {
					D9FB2E13212B695F009BEB4B = {
						CreatedOnToolsVersion = 9.4.1;
					};
				};
			};
			buildConfigurationList = D9FB2E0F212B695F009BEB4B /* Build configuration list for PBXProject "TrendingGitHubProjects" */;
			compatibilityVersion = "Xcode 9.3";
			developmentRegion = en;
			hasScannedForEncodings = 0;
			knownRegions = (
				en,
				Base,
			);
			mainGroup = D9FB2E0B212B695F009BEB4B;
			productRefGroup = D9FB2E15212B695F009BEB4B /* Products */;
			projectDirPath = "";
			projectRoot = "";
			targets = (
				D9FB2E13212B695F009BEB4B /* TrendingGitHubProjects */,
			);
		};
/* End PBXProject section */

/* Begin PBXResourcesBuildPhase section */
		D9FB2E12212B695F009BEB4B /* Resources */ = {
			isa = PBXResourcesBuildPhase;
			buildActionMask = 2147483647;
			files = (
				D9FB2E22212B6960009BEB4B /* LaunchScreen.storyboard in Resources */,
				D9FB2E1F212B6960009BEB4B /* Assets.xcassets in Resources */,
				D9FB2E2C212B6B76009BEB4B /* README.md in Resources */,
				D9FB2E1D212B695F009BEB4B /* Main.storyboard in Resources */,
			);
			runOnlyForDeploymentPostprocessing = 0;
		};
/* End PBXResourcesBuildPhase section */

/* Begin PBXShellScriptBuildPhase section */
		63608CD6B6B666FFB286201A /* [CP] Embed Pods Frameworks */ = {
			isa = PBXShellScriptBuildPhase;
			buildActionMask = 2147483647;
			files = (
			);
			inputPaths = (
				"${SRCROOT}/Pods/Target Support Files/Pods-TrendingGitHubProjects/Pods-TrendingGitHubProjects-frameworks.sh",
				"${BUILT_PRODUCTS_DIR}/Alamofire/Alamofire.framework",
				"${BUILT_PRODUCTS_DIR}/AlamofireNetworkActivityIndicator/AlamofireNetworkActivityIndicator.framework",
				"${BUILT_PRODUCTS_DIR}/MBProgressHUD/MBProgressHUD.framework",
				"${BUILT_PRODUCTS_DIR}/ReactiveCocoa/ReactiveCocoa.framework",
				"${BUILT_PRODUCTS_DIR}/ReactiveSwift/ReactiveSwift.framework",
				"${BUILT_PRODUCTS_DIR}/Result/Result.framework",
				"${BUILT_PRODUCTS_DIR}/SegueWithCompletion/SegueWithCompletion.framework",
				"${BUILT_PRODUCTS_DIR}/Swinject/Swinject.framework",
				"${BUILT_PRODUCTS_DIR}/SwinjectStoryboard/SwinjectStoryboard.framework",
			);
			name = "[CP] Embed Pods Frameworks";
			outputPaths = (
				"${TARGET_BUILD_DIR}/${FRAMEWORKS_FOLDER_PATH}/Alamofire.framework",
				"${TARGET_BUILD_DIR}/${FRAMEWORKS_FOLDER_PATH}/AlamofireNetworkActivityIndicator.framework",
				"${TARGET_BUILD_DIR}/${FRAMEWORKS_FOLDER_PATH}/MBProgressHUD.framework",
				"${TARGET_BUILD_DIR}/${FRAMEWORKS_FOLDER_PATH}/ReactiveCocoa.framework",
				"${TARGET_BUILD_DIR}/${FRAMEWORKS_FOLDER_PATH}/ReactiveSwift.framework",
				"${TARGET_BUILD_DIR}/${FRAMEWORKS_FOLDER_PATH}/Result.framework",
				"${TARGET_BUILD_DIR}/${FRAMEWORKS_FOLDER_PATH}/SegueWithCompletion.framework",
				"${TARGET_BUILD_DIR}/${FRAMEWORKS_FOLDER_PATH}/Swinject.framework",
				"${TARGET_BUILD_DIR}/${FRAMEWORKS_FOLDER_PATH}/SwinjectStoryboard.framework",
			);
			runOnlyForDeploymentPostprocessing = 0;
			shellPath = /bin/sh;
			shellScript = "\"${SRCROOT}/Pods/Target Support Files/Pods-TrendingGitHubProjects/Pods-TrendingGitHubProjects-frameworks.sh\"\n";
			showEnvVarsInLog = 0;
		};
		D0D50A66309EA2421578DF0D /* [CP] Check Pods Manifest.lock */ = {
			isa = PBXShellScriptBuildPhase;
			buildActionMask = 2147483647;
			files = (
			);
			inputPaths = (
				"${PODS_PODFILE_DIR_PATH}/Podfile.lock",
				"${PODS_ROOT}/Manifest.lock",
			);
			name = "[CP] Check Pods Manifest.lock";
			outputPaths = (
				"$(DERIVED_FILE_DIR)/Pods-TrendingGitHubProjects-checkManifestLockResult.txt",
			);
			runOnlyForDeploymentPostprocessing = 0;
			shellPath = /bin/sh;
			shellScript = "diff \"${PODS_PODFILE_DIR_PATH}/Podfile.lock\" \"${PODS_ROOT}/Manifest.lock\" > /dev/null\nif [ $? != 0 ] ; then\n    # print error to STDERR\n    echo \"error: The sandbox is not in sync with the Podfile.lock. Run 'pod install' or update your CocoaPods installation.\" >&2\n    exit 1\nfi\n# This output is used by Xcode 'outputs' to avoid re-running this script phase.\necho \"SUCCESS\" > \"${SCRIPT_OUTPUT_FILE_0}\"\n";
			showEnvVarsInLog = 0;
		};
/* End PBXShellScriptBuildPhase section */

/* Begin PBXSourcesBuildPhase section */
		D9FB2E10212B695F009BEB4B /* Sources */ = {
			isa = PBXSourcesBuildPhase;
			buildActionMask = 2147483647;
			files = (
				D9FB2E30212B70D4009BEB4B /* GitHubTrendsViewController.swift in Sources */,
				D99E6B4A212F795C00A4BA74 /* JSONGitRepositoriesResult.swift in Sources */,
				D99E6B3D212F678F00A4BA74 /* Assemble.swift in Sources */,
				D9065CB1212E2A0900532E76 /* GitHubTrendsViewModel.swift in Sources */,
				D99E6B4C212F7A3C00A4BA74 /* GitHubTrendsCell.swift in Sources */,
				D99E6B3F212F67D400A4BA74 /* ApplicationAssemble.swift in Sources */,
				D9FB2E18212B695F009BEB4B /* AppDelegate.swift in Sources */,
				D9065CB3212EBB1E00532E76 /* JSONGitRepositoryOwner.swift in Sources */,
				D99E6B552130105600A4BA74 /* RoundedView.swift in Sources */,
				D99E6B5321300D5300A4BA74 /* AvatarImageView.swift in Sources */,
				D99E6B4F2130032300A4BA74 /* GitHubRepositoryViewController.swift in Sources */,
				D99E6B512130066C00A4BA74 /* GitHubRepositoryViewModel.swift in Sources */,
				D99E6B48212F733D00A4BA74 /* UIViewControllerExtensions.swift in Sources */,
				D99E6B3B212F674200A4BA74 /* GitHubTrendsView.swift in Sources */,
				D99E6B43212F6E2600A4BA74 /* GitHubTrendsCoordinator.swift in Sources */,
				D99E6B41212F688700A4BA74 /* GitHubTrendsAssemble.swift in Sources */,
				D99E6B45212F6E5E00A4BA74 /* CoordinatorView.swift in Sources */,
				D9065CAC212E23A300532E76 /* GitHubClient.swift in Sources */,
				D99E6B39212F624D00A4BA74 /* TableDataSourceAdapter.swift in Sources */,
				D9065CAF212E284800532E76 /* JSONGitRepository.swift in Sources */,
			);
			runOnlyForDeploymentPostprocessing = 0;
		};
/* End PBXSourcesBuildPhase section */

/* Begin PBXVariantGroup section */
		D9FB2E1B212B695F009BEB4B /* Main.storyboard */ = {
			isa = PBXVariantGroup;
			children = (
				D9FB2E1C212B695F009BEB4B /* Base */,
			);
			name = Main.storyboard;
			sourceTree = "<group>";
		};
		D9FB2E20212B6960009BEB4B /* LaunchScreen.storyboard */ = {
			isa = PBXVariantGroup;
			children = (
				D9FB2E21212B6960009BEB4B /* Base */,
			);
			name = LaunchScreen.storyboard;
			sourceTree = "<group>";
		};
/* End PBXVariantGroup section */

/* Begin XCBuildConfiguration section */
		D9FB2E24212B6961009BEB4B /* Debug */ = {
			isa = XCBuildConfiguration;
			buildSettings = {
				ALWAYS_SEARCH_USER_PATHS = NO;
				CLANG_ANALYZER_NONNULL = YES;
				CLANG_ANALYZER_NUMBER_OBJECT_CONVERSION = YES_AGGRESSIVE;
				CLANG_CXX_LANGUAGE_STANDARD = "gnu++14";
				CLANG_CXX_LIBRARY = "libc++";
				CLANG_ENABLE_MODULES = YES;
				CLANG_ENABLE_OBJC_ARC = YES;
				CLANG_ENABLE_OBJC_WEAK = YES;
				CLANG_WARN_BLOCK_CAPTURE_AUTORELEASING = YES;
				CLANG_WARN_BOOL_CONVERSION = YES;
				CLANG_WARN_COMMA = YES;
				CLANG_WARN_CONSTANT_CONVERSION = YES;
				CLANG_WARN_DEPRECATED_OBJC_IMPLEMENTATIONS = YES;
				CLANG_WARN_DIRECT_OBJC_ISA_USAGE = YES_ERROR;
				CLANG_WARN_DOCUMENTATION_COMMENTS = YES;
				CLANG_WARN_EMPTY_BODY = YES;
				CLANG_WARN_ENUM_CONVERSION = YES;
				CLANG_WARN_INFINITE_RECURSION = YES;
				CLANG_WARN_INT_CONVERSION = YES;
				CLANG_WARN_NON_LITERAL_NULL_CONVERSION = YES;
				CLANG_WARN_OBJC_IMPLICIT_RETAIN_SELF = YES;
				CLANG_WARN_OBJC_LITERAL_CONVERSION = YES;
				CLANG_WARN_OBJC_ROOT_CLASS = YES_ERROR;
				CLANG_WARN_RANGE_LOOP_ANALYSIS = YES;
				CLANG_WARN_STRICT_PROTOTYPES = YES;
				CLANG_WARN_SUSPICIOUS_MOVE = YES;
				CLANG_WARN_UNGUARDED_AVAILABILITY = YES_AGGRESSIVE;
				CLANG_WARN_UNREACHABLE_CODE = YES;
				CLANG_WARN__DUPLICATE_METHOD_MATCH = YES;
				CODE_SIGN_IDENTITY = "iPhone Developer";
				COPY_PHASE_STRIP = NO;
				DEBUG_INFORMATION_FORMAT = dwarf;
				ENABLE_STRICT_OBJC_MSGSEND = YES;
				ENABLE_TESTABILITY = YES;
				GCC_C_LANGUAGE_STANDARD = gnu11;
				GCC_DYNAMIC_NO_PIC = NO;
				GCC_NO_COMMON_BLOCKS = YES;
				GCC_OPTIMIZATION_LEVEL = 0;
				GCC_PREPROCESSOR_DEFINITIONS = (
					"DEBUG=1",
					"$(inherited)",
				);
				GCC_WARN_64_TO_32_BIT_CONVERSION = YES;
				GCC_WARN_ABOUT_RETURN_TYPE = YES_ERROR;
				GCC_WARN_UNDECLARED_SELECTOR = YES;
				GCC_WARN_UNINITIALIZED_AUTOS = YES_AGGRESSIVE;
				GCC_WARN_UNUSED_FUNCTION = YES;
				GCC_WARN_UNUSED_VARIABLE = YES;
				IPHONEOS_DEPLOYMENT_TARGET = 11.4;
				MTL_ENABLE_DEBUG_INFO = YES;
				ONLY_ACTIVE_ARCH = YES;
				SDKROOT = iphoneos;
				SWIFT_ACTIVE_COMPILATION_CONDITIONS = DEBUG;
				SWIFT_OPTIMIZATION_LEVEL = "-Onone";
			};
			name = Debug;
		};
		D9FB2E25212B6961009BEB4B /* Release */ = {
			isa = XCBuildConfiguration;
			buildSettings = {
				ALWAYS_SEARCH_USER_PATHS = NO;
				CLANG_ANALYZER_NONNULL = YES;
				CLANG_ANALYZER_NUMBER_OBJECT_CONVERSION = YES_AGGRESSIVE;
				CLANG_CXX_LANGUAGE_STANDARD = "gnu++14";
				CLANG_CXX_LIBRARY = "libc++";
				CLANG_ENABLE_MODULES = YES;
				CLANG_ENABLE_OBJC_ARC = YES;
				CLANG_ENABLE_OBJC_WEAK = YES;
				CLANG_WARN_BLOCK_CAPTURE_AUTORELEASING = YES;
				CLANG_WARN_BOOL_CONVERSION = YES;
				CLANG_WARN_COMMA = YES;
				CLANG_WARN_CONSTANT_CONVERSION = YES;
				CLANG_WARN_DEPRECATED_OBJC_IMPLEMENTATIONS = YES;
				CLANG_WARN_DIRECT_OBJC_ISA_USAGE = YES_ERROR;
				CLANG_WARN_DOCUMENTATION_COMMENTS = YES;
				CLANG_WARN_EMPTY_BODY = YES;
				CLANG_WARN_ENUM_CONVERSION = YES;
				CLANG_WARN_INFINITE_RECURSION = YES;
				CLANG_WARN_INT_CONVERSION = YES;
				CLANG_WARN_NON_LITERAL_NULL_CONVERSION = YES;
				CLANG_WARN_OBJC_IMPLICIT_RETAIN_SELF = YES;
				CLANG_WARN_OBJC_LITERAL_CONVERSION = YES;
				CLANG_WARN_OBJC_ROOT_CLASS = YES_ERROR;
				CLANG_WARN_RANGE_LOOP_ANALYSIS = YES;
				CLANG_WARN_STRICT_PROTOTYPES = YES;
				CLANG_WARN_SUSPICIOUS_MOVE = YES;
				CLANG_WARN_UNGUARDED_AVAILABILITY = YES_AGGRESSIVE;
				CLANG_WARN_UNREACHABLE_CODE = YES;
				CLANG_WARN__DUPLICATE_METHOD_MATCH = YES;
				CODE_SIGN_IDENTITY = "iPhone Developer";
				COPY_PHASE_STRIP = NO;
				DEBUG_INFORMATION_FORMAT = "dwarf-with-dsym";
				ENABLE_NS_ASSERTIONS = NO;
				ENABLE_STRICT_OBJC_MSGSEND = YES;
				GCC_C_LANGUAGE_STANDARD = gnu11;
				GCC_NO_COMMON_BLOCKS = YES;
				GCC_WARN_64_TO_32_BIT_CONVERSION = YES;
				GCC_WARN_ABOUT_RETURN_TYPE = YES_ERROR;
				GCC_WARN_UNDECLARED_SELECTOR = YES;
				GCC_WARN_UNINITIALIZED_AUTOS = YES_AGGRESSIVE;
				GCC_WARN_UNUSED_FUNCTION = YES;
				GCC_WARN_UNUSED_VARIABLE = YES;
				IPHONEOS_DEPLOYMENT_TARGET = 11.4;
				MTL_ENABLE_DEBUG_INFO = NO;
				SDKROOT = iphoneos;
				SWIFT_COMPILATION_MODE = wholemodule;
				SWIFT_OPTIMIZATION_LEVEL = "-O";
				VALIDATE_PRODUCT = YES;
			};
			name = Release;
		};
		D9FB2E27212B6961009BEB4B /* Debug */ = {
			isa = XCBuildConfiguration;
			baseConfigurationReference = 906B7C1A31B611B75EBACA3A /* Pods-TrendingGitHubProjects.debug.xcconfig */;
			buildSettings = {
				ASSETCATALOG_COMPILER_APPICON_NAME = AppIcon;
				CODE_SIGN_STYLE = Automatic;
				DEVELOPMENT_TEAM = 7VUQ53W6C9;
				INFOPLIST_FILE = TrendingGitHubProjects/Resources/Info.plist;
				LD_RUNPATH_SEARCH_PATHS = (
					"$(inherited)",
					"@executable_path/Frameworks",
				);
				PRODUCT_BUNDLE_IDENTIFIER = com.dmytro.TrendingGitHubProjects;
				PRODUCT_NAME = "$(TARGET_NAME)";
				SWIFT_VERSION = 4.0;
				TARGETED_DEVICE_FAMILY = "1,2";
			};
			name = Debug;
		};
		D9FB2E28212B6961009BEB4B /* Release */ = {
			isa = XCBuildConfiguration;
			baseConfigurationReference = 2AE0D0468FB638FE4F3C9205 /* Pods-TrendingGitHubProjects.release.xcconfig */;
			buildSettings = {
				ASSETCATALOG_COMPILER_APPICON_NAME = AppIcon;
				CODE_SIGN_STYLE = Automatic;
				DEVELOPMENT_TEAM = 7VUQ53W6C9;
				INFOPLIST_FILE = TrendingGitHubProjects/Resources/Info.plist;
				LD_RUNPATH_SEARCH_PATHS = (
					"$(inherited)",
					"@executable_path/Frameworks",
				);
				PRODUCT_BUNDLE_IDENTIFIER = com.dmytro.TrendingGitHubProjects;
				PRODUCT_NAME = "$(TARGET_NAME)";
				SWIFT_VERSION = 4.0;
				TARGETED_DEVICE_FAMILY = "1,2";
			};
			name = Release;
		};
/* End XCBuildConfiguration section */

/* Begin XCConfigurationList section */
		D9FB2E0F212B695F009BEB4B /* Build configuration list for PBXProject "TrendingGitHubProjects" */ = {
			isa = XCConfigurationList;
			buildConfigurations = (
				D9FB2E24212B6961009BEB4B /* Debug */,
				D9FB2E25212B6961009BEB4B /* Release */,
			);
			defaultConfigurationIsVisible = 0;
			defaultConfigurationName = Release;
		};
		D9FB2E26212B6961009BEB4B /* Build configuration list for PBXNativeTarget "TrendingGitHubProjects" */ = {
			isa = XCConfigurationList;
			buildConfigurations = (
				D9FB2E27212B6961009BEB4B /* Debug */,
				D9FB2E28212B6961009BEB4B /* Release */,
			);
			defaultConfigurationIsVisible = 0;
			defaultConfigurationName = Release;
		};
/* End XCConfigurationList section */
	};
	rootObject = D9FB2E0C212B695F009BEB4B /* Project object */;
}
